
Microsoft Visual Studio Solution File, Format Version 12.00
# Visual Studio Version 16
VisualStudioVersion = 16.0.31624.102
MinimumVisualStudioVersion = 10.0.40219.1
Project("{FAE04EC0-301F-11D3-BF4B-00C04F79EFBC}") = "Participation2", "Participation2\Participation2.csproj", "{11D36842-49A3-4015-89C9-9E6D68F8666A}"
EndProject
Global
	GlobalSection(SolutionConfigurationPlatforms) = preSolution
		Debug|Any CPU = Debug|Any CPU
		Release|Any CPU = Release|Any CPU
	EndGlobalSection
	GlobalSection(ProjectConfigurationPlatforms) = postSolution
		{11D36842-49A3-4015-89C9-9E6D68F8666A}.Debug|Any CPU.ActiveCfg = Debug|Any CPU
		{11D36842-49A3-4015-89C9-9E6D68F8666A}.Debug|Any CPU.Build.0 = Debug|Any CPU
		{11D36842-49A3-4015-89C9-9E6D68F8666A}.Release|Any CPU.ActiveCfg = Release|Any CPU
		{11D36842-49A3-4015-89C9-9E6D68F8666A}.Release|Any CPU.Build.0 = Release|Any CPU
	EndGlobalSection
	GlobalSection(SolutionProperties) = preSolution
		HideSolutionNode = FALSE
	EndGlobalSection
	GlobalSection(ExtensibilityGlobals) = postSolution
		SolutionGuid = {ED6215B2-A70C-4E93-891C-0AF27E8214F0}
	EndGlobalSection
EndGlobal
